
Microsoft Visual Studio Solution File, Format Version 12.00
# Visual Studio Version 16
VisualStudioVersion = 16.0.30907.101
MinimumVisualStudioVersion = 10.0.40219.1
Project("{FAE04EC0-301F-11D3-BF4B-00C04F79EFBC}") = "1", "1\1.csproj", "{324E8A62-734C-4DBD-8AFB-411D8C5F4502}"
EndProject
Global
	GlobalSection(SolutionConfigurationPlatforms) = preSolution
		Debug|Any CPU = Debug|Any CPU
		Release|Any CPU = Release|Any CPU
	EndGlobalSection
	GlobalSection(ProjectConfigurationPlatforms) = postSolution
		{324E8A62-734C-4DBD-8AFB-411D8C5F4502}.Debug|Any CPU.ActiveCfg = Debug|Any CPU
		{324E8A62-734C-4DBD-8AFB-411D8C5F4502}.Debug|Any CPU.Build.0 = Debug|Any CPU
		{324E8A62-734C-4DBD-8AFB-411D8C5F4502}.Release|Any CPU.ActiveCfg = Release|Any CPU
		{324E8A62-734C-4DBD-8AFB-411D8C5F4502}.Release|Any CPU.Build.0 = Release|Any CPU
	EndGlobalSection
	GlobalSection(SolutionProperties) = preSolution
		HideSolutionNode = FALSE
	EndGlobalSection
	GlobalSection(ExtensibilityGlobals) = postSolution
		SolutionGuid = {BF1E2AFB-9444-4085-9B86-5EC3D4AC4060}
	EndGlobalSection
EndGlobal
